github.com/haiyiyun/cache v0.0.0-20210818124739-0b1b279f594d h1:IL6ea5sYsrUC8xFxwA+z3tpIifjyF4n9xvkvS+gBbdU=
github.com/haiyiyun/cache v0.0.0-20210818124739-0b1b279f594d/go.mod h1:PXxvDKrHTITG57vbv/khdEPQUBzm+ZD30k8bZJ2CtGk=
github.com/haiyiyun/dkim v0.0.0-20211115100414-3ea6b63a3dce h1:4l7T4Hzpq377utB1TVkwgpByE0NjXGTlPq/dnG1OqSw=
github.com/haiyiyun/dkim v0.0.0-20211115100414-3ea6b63a3dce/go.mod h1:Z/BfM4n+cYZTapZ7tLD/Wsh4/1zyeS78p2+PLTrlJNI=
github.com/haiyiyun/log v0.0.0-20211115100502-be01af77681c h1:u0InrUVRbnyOBVxMJslJpxAitP6eiMY4kSwF390oEQo=
github.com/haiyiyun/log v0.0.0-20211115100502-be01af77681c/go.mod h1:D4zcedtLbRvCdKIUQycFXSvPEECNWw4oX8GRDkJ4o7s=
